// !$*UTF8*$!
{
	archiveVersion = 1;
	classes = {
	};
	objectVersion = 50;
	objects = {

/* Begin PBXBuildFile section */
		EB7E7AF220D1CC2F00C4C56F /* AppDelegate.swift in Sources */ = {isa = PBXBuildFile; fileRef = EB7E7AF120D1CC2F00C4C56F /* AppDelegate.swift */; };
		EB7E7AF420D1CC2F00C4C56F /* ViewController.swift in Sources */ = {isa = PBXBuildFile; fileRef = EB7E7AF320D1CC2F00C4C56F /* ViewController.swift */; };
		EB7E7AF720D1CC2F00C4C56F /* Main.storyboard in Resources */ = {isa = PBXBuildFile; fileRef = EB7E7AF520D1CC2F00C4C56F /* Main.storyboard */; };
		EB7E7AFA20D1CC2F00C4C56F /* MidtermApp.xcdatamodeld in Sources */ = {isa = PBXBuildFile; fileRef = EB7E7AF820D1CC2F00C4C56F /* MidtermApp.xcdatamodeld */; };
		EB7E7AFC20D1CC2F00C4C56F /* Assets.xcassets in Resources */ = {isa = PBXBuildFile; fileRef = EB7E7AFB20D1CC2F00C4C56F /* Assets.xcassets */; };
		EB7E7AFF20D1CC2F00C4C56F /* LaunchScreen.storyboard in Resources */ = {isa = PBXBuildFile; fileRef = EB7E7AFD20D1CC2F00C4C56F /* LaunchScreen.storyboard */; };
		EB8569AC20DCE3E10018E5B1 /* ExpandableSections.swift in Sources */ = {isa = PBXBuildFile; fileRef = EB8569AB20DCE3E10018E5B1 /* ExpandableSections.swift */; };
		EB8569AE20DD5CC10018E5B1 /* BussinessCardCell.swift in Sources */ = {isa = PBXBuildFile; fileRef = EB8569AD20DD5CC10018E5B1 /* BussinessCardCell.swift */; };
/* End PBXBuildFile section */

/* Begin PBXFileReference section */
		EB7E7AEE20D1CC2E00C4C56F /* MidtermApp.app */ = {isa = PBXFileReference; explicitFileType = wrapper.application; includeInIndex = 0; path = MidtermApp.app; sourceTree = BUILT_PRODUCTS_DIR; };
		EB7E7AF120D1CC2F00C4C56F /* AppDelegate.swift */ = {isa = PBXFileReference; lastKnownFileType = sourcecode.swift; path = AppDelegate.swift; sourceTree = "<group>"; };
		EB7E7AF320D1CC2F00C4C56F /* ViewController.swift */ = {isa = PBXFileReference; lastKnownFileType = sourcecode.swift; path = ViewController.swift; sourceTree = "<group>"; };
		EB7E7AF620D1CC2F00C4C56F /* Base */ = {isa = PBXFileReference; lastKnownFileType = file.storyboard; name = Base; path = Base.lproj/Main.storyboard; sourceTree = "<group>"; };
		EB7E7AF920D1CC2F00C4C56F /* MidtermApp.xcdatamodel */ = {isa = PBXFileReference; lastKnownFileType = wrapper.xcdatamodel; path = MidtermApp.xcdatamodel; sourceTree = "<group>"; };
		EB7E7AFB20D1CC2F00C4C56F /* Assets.xcassets */ = {isa = PBXFileReference; lastKnownFileType = folder.assetcatalog; path = Assets.xcassets; sourceTree = "<group>"; };
		EB7E7AFE20D1CC2F00C4C56F /* Base */ = {isa = PBXFileReference; lastKnownFileType = file.storyboard; name = Base; path = Base.lproj/LaunchScreen.storyboard; sourceTree = "<group>"; };
		EB7E7B0020D1CC2F00C4C56F /* Info.plist */ = {isa = PBXFileReference; lastKnownFileType = text.plist.xml; path = Info.plist; sourceTree = "<group>"; };
		EB8569AB20DCE3E10018E5B1 /* ExpandableSections.swift */ = {isa = PBXFileReference; lastKnownFileType = sourcecode.swift; path = ExpandableSections.swift; sourceTree = "<group>"; };
		EB8569AD20DD5CC10018E5B1 /* BussinessCardCell.swift */ = {isa = PBXFileReference; lastKnownFileType = sourcecode.swift; path = BussinessCardCell.swift; sourceTree = "<group>"; };
/* End PBXFileReference section */

/* Begin PBXFrameworksBuildPhase section */
		EB7E7AEB20D1CC2E00C4C56F /* Frameworks */ = {
			isa = PBXFrameworksBuildPhase;
			buildActionMask = 2147483647;
			files = (
			);
			runOnlyForDeploymentPostprocessing = 0;
		};
/* End PBXFrameworksBuildPhase section */

/* Begin PBXGroup section */
		EB7E7AE520D1CC2E00C4C56F = {
			isa = PBXGroup;
			children = (
				EB7E7AF020D1CC2E00C4C56F /* MidtermApp */,
				EB7E7AEF20D1CC2E00C4C56F /* Products */,
			);
			sourceTree = "<group>";
		};
		EB7E7AEF20D1CC2E00C4C56F /* Products */ = {
			isa = PBXGroup;
			children = (
				EB7E7AEE20D1CC2E00C4C56F /* MidtermApp.app */,
			);
			name = Products;
			sourceTree = "<group>";
		};
		EB7E7AF020D1CC2E00C4C56F /* MidtermApp */ = {
			isa = PBXGroup;
			children = (
				EB7E7AF120D1CC2F00C4C56F /* AppDelegate.swift */,
				EB7E7AF320D1CC2F00C4C56F /* ViewController.swift */,
				EB7E7AF520D1CC2F00C4C56F /* Main.storyboard */,
				EB7E7AFB20D1CC2F00C4C56F /* Assets.xcassets */,
				EB7E7AFD20D1CC2F00C4C56F /* LaunchScreen.storyboard */,
				EB7E7B0020D1CC2F00C4C56F /* Info.plist */,
				EB7E7AF820D1CC2F00C4C56F /* MidtermApp.xcdatamodeld */,
				EB8569AB20DCE3E10018E5B1 /* ExpandableSections.swift */,
				EB8569AD20DD5CC10018E5B1 /* BussinessCardCell.swift */,
			);
			path = MidtermApp;
			sourceTree = "<group>";
		};
/* End PBXGroup section */

/* Begin PBXNativeTarget section */
		EB7E7AED20D1CC2E00C4C56F /* MidtermApp */ = {
			isa = PBXNativeTarget;
			buildConfigurationList = EB7E7B0320D1CC2F00C4C56F /* Build configuration list for PBXNativeTarget "MidtermApp" */;
			buildPhases = (
				EB7E7AEA20D1CC2E00C4C56F /* Sources */,
				EB7E7AEB20D1CC2E00C4C56F /* Frameworks */,
				EB7E7AEC20D1CC2E00C4C56F /* Resources */,
			);
			buildRules = (
			);
			dependencies = (
			);
			name = MidtermApp;
			productName = MidtermApp;
			productReference = EB7E7AEE20D1CC2E00C4C56F /* MidtermApp.app */;
			productType = "com.apple.product-type.application";
		};
/* End PBXNativeTarget section */

/* Begin PBXProject section */
		EB7E7AE620D1CC2E00C4C56F /* Project object */ = {
			isa = PBXProject;
			attributes = {
				LastSwiftUpdateCheck = 0940;
				LastUpgradeCheck = 0940;
				TargetAttributes = {
					EB7E7AED20D1CC2E00C4C56F = {
						CreatedOnToolsVersion = 9.4;
					};
				};
			};
			buildConfigurationList = EB7E7AE920D1CC2E00C4C56F /* Build configuration list for PBXProject "MidtermApp" */;
			compatibilityVersion = "Xcode 9.3";
			developmentRegion = en;
			hasScannedForEncodings = 0;
			knownRegions = (
				en,
				Base,
			);
			mainGroup = EB7E7AE520D1CC2E00C4C56F;
			productRefGroup = EB7E7AEF20D1CC2E00C4C56F /* Products */;
			projectDirPath = "";
			projectRoot = "";
			targets = (
				EB7E7AED20D1CC2E00C4C56F /* MidtermApp */,
			);
		};
/* End PBXProject section */

/* Begin PBXResourcesBuildPhase section */
		EB7E7AEC20D1CC2E00C4C56F /* Resources */ = {
			isa = PBXResourcesBuildPhase;
			buildActionMask = 2147483647;
			files = (
				EB7E7AFF20D1CC2F00C4C56F /* LaunchScreen.storyboard in Resources */,
				EB7E7AFC20D1CC2F00C4C56F /* Assets.xcassets in Resources */,
				EB7E7AF720D1CC2F00C4C56F /* Main.storyboard in Resources */,
			);
			runOnlyForDeploymentPostprocessing = 0;
		};
/* End PBXResourcesBuildPhase section */

/* Begin PBXSourcesBuildPhase section */
		EB7E7AEA20D1CC2E00C4C56F /* Sources */ = {
			isa = PBXSourcesBuildPhase;
			buildActionMask = 2147483647;
			files = (
				EB7E7AF420D1CC2F00C4C56F /* ViewController.swift in Sources */,
				EB7E7AFA20D1CC2F00C4C56F /* MidtermApp.xcdatamodeld in Sources */,
				EB7E7AF220D1CC2F00C4C56F /* AppDelegate.swift in Sources */,
				EB8569AC20DCE3E10018E5B1 /* ExpandableSections.swift in Sources */,
				EB8569AE20DD5CC10018E5B1 /* BussinessCardCell.swift in Sources */,
			);
			runOnlyForDeploymentPostprocessing = 0;
		};
/* End PBXSourcesBuildPhase section */

/* Begin PBXVariantGroup section */
		EB7E7AF520D1CC2F00C4C56F /* Main.storyboard */ = {
			isa = PBXVariantGroup;
			children = (
				EB7E7AF620D1CC2F00C4C56F /* Base */,
			);
			name = Main.storyboard;
			sourceTree = "<group>";
		};
		EB7E7AFD20D1CC2F00C4C56F /* LaunchScreen.storyboard */ = {
			isa = PBXVariantGroup;
			children = (
				EB7E7AFE20D1CC2F00C4C56F /* Base */,
			);
			name = LaunchScreen.storyboard;
			sourceTree = "<group>";
		};
/* End PBXVariantGroup section */

/* Begin XCBuildConfiguration section */
		EB7E7B0120D1CC2F00C4C56F /* Debug */ = {
			isa = XCBuildConfiguration;
			buildSettings = {
				ALWAYS_SEARCH_USER_PATHS = NO;
				CLANG_ANALYZER_NONNULL = YES;
				CLANG_ANALYZER_NUMBER_OBJECT_CONVERSION = YES_AGGRESSIVE;
				CLANG_CXX_LANGUAGE_STANDARD = "gnu++14";
				CLANG_CXX_LIBRARY = "libc++";
				CLANG_ENABLE_MODULES = YES;
				CLANG_ENABLE_OBJC_ARC = YES;
				CLANG_ENABLE_OBJC_WEAK = YES;
				CLANG_WARN_BLOCK_CAPTURE_AUTORELEASING = YES;
				CLANG_WARN_BOOL_CONVERSION = YES;
				CLANG_WARN_COMMA = YES;
				CLANG_WARN_CONSTANT_CONVERSION = YES;
				CLANG_WARN_DEPRECATED_OBJC_IMPLEMENTATIONS = YES;
				CLANG_WARN_DIRECT_OBJC_ISA_USAGE = YES_ERROR;
				CLANG_WARN_DOCUMENTATION_COMMENTS = YES;
				CLANG_WARN_EMPTY_BODY = YES;
				CLANG_WARN_ENUM_CONVERSION = YES;
				CLANG_WARN_INFINITE_RECURSION = YES;
				CLANG_WARN_INT_CONVERSION = YES;
				CLANG_WARN_NON_LITERAL_NULL_CONVERSION = YES;
				CLANG_WARN_OBJC_IMPLICIT_RETAIN_SELF = YES;
				CLANG_WARN_OBJC_LITERAL_CONVERSION = YES;
				CLANG_WARN_OBJC_ROOT_CLASS = YES_ERROR;
				CLANG_WARN_RANGE_LOOP_ANALYSIS = YES;
				CLANG_WARN_STRICT_PROTOTYPES = YES;
				CLANG_WARN_SUSPICIOUS_MOVE = YES;
				CLANG_WARN_UNGUARDED_AVAILABILITY = YES_AGGRESSIVE;
				CLANG_WARN_UNREACHABLE_CODE = YES;
				CLANG_WARN__DUPLICATE_METHOD_MATCH = YES;
				CODE_SIGN_IDENTITY = "iPhone Developer";
				COPY_PHASE_STRIP = NO;
				DEBUG_INFORMATION_FORMAT = dwarf;
				ENABLE_STRICT_OBJC_MSGSEND = YES;
				ENABLE_TESTABILITY = YES;
				GCC_C_LANGUAGE_STANDARD = gnu11;
				GCC_DYNAMIC_NO_PIC = NO;
				GCC_NO_COMMON_BLOCKS = YES;
				GCC_OPTIMIZATION_LEVEL = 0;
				GCC_PREPROCESSOR_DEFINITIONS = (
					"DEBUG=1",
					"$(inherited)",
				);
				GCC_WARN_64_TO_32_BIT_CONVERSION = YES;
				GCC_WARN_ABOUT_RETURN_TYPE = YES_ERROR;
				GCC_WARN_UNDECLARED_SELECTOR = YES;
				GCC_WARN_UNINITIALIZED_AUTOS = YES_AGGRESSIVE;
				GCC_WARN_UNUSED_FUNCTION = YES;
				GCC_WARN_UNUSED_VARIABLE = YES;
				IPHONEOS_DEPLOYMENT_TARGET = 11.4;
				MTL_ENABLE_DEBUG_INFO = YES;
				ONLY_ACTIVE_ARCH = YES;
				SDKROOT = iphoneos;
				SWIFT_ACTIVE_COMPILATION_CONDITIONS = DEBUG;
				SWIFT_OPTIMIZATION_LEVEL = "-Onone";
			};
			name = Debug;
		};
		EB7E7B0220D1CC2F00C4C56F /* Release */ = {
			isa = XCBuildConfiguration;
			buildSettings = {
				ALWAYS_SEARCH_USER_PATHS = NO;
				CLANG_ANALYZER_NONNULL = YES;
				CLANG_ANALYZER_NUMBER_OBJECT_CONVERSION = YES_AGGRESSIVE;
				CLANG_CXX_LANGUAGE_STANDARD = "gnu++14";
				CLANG_CXX_LIBRARY = "libc++";
				CLANG_ENABLE_MODULES = YES;
				CLANG_ENABLE_OBJC_ARC = YES;
				CLANG_ENABLE_OBJC_WEAK = YES;
				CLANG_WARN_BLOCK_CAPTURE_AUTORELEASING = YES;
				CLANG_WARN_BOOL_CONVERSION = YES;
				CLANG_WARN_COMMA = YES;
				CLANG_WARN_CONSTANT_CONVERSION = YES;
				CLANG_WARN_DEPRECATED_OBJC_IMPLEMENTATIONS = YES;
				CLANG_WARN_DIRECT_OBJC_ISA_USAGE = YES_ERROR;
				CLANG_WARN_DOCUMENTATION_COMMENTS = YES;
				CLANG_WARN_EMPTY_BODY = YES;
				CLANG_WARN_ENUM_CONVERSION = YES;
				CLANG_WARN_INFINITE_RECURSION = YES;
				CLANG_WARN_INT_CONVERSION = YES;
				CLANG_WARN_NON_LITERAL_NULL_CONVERSION = YES;
				CLANG_WARN_OBJC_IMPLICIT_RETAIN_SELF = YES;
				CLANG_WARN_OBJC_LITERAL_CONVERSION = YES;
				CLANG_WARN_OBJC_ROOT_CLASS = YES_ERROR;
				CLANG_WARN_RANGE_LOOP_ANALYSIS = YES;
				CLANG_WARN_STRICT_PROTOTYPES = YES;
				CLANG_WARN_SUSPICIOUS_MOVE = YES;
				CLANG_WARN_UNGUARDED_AVAILABILITY = YES_AGGRESSIVE;
				CLANG_WARN_UNREACHABLE_CODE = YES;
				CLANG_WARN__DUPLICATE_METHOD_MATCH = YES;
				CODE_SIGN_IDENTITY = "iPhone Developer";
				COPY_PHASE_STRIP = NO;
				DEBUG_INFORMATION_FORMAT = "dwarf-with-dsym";
				ENABLE_NS_ASSERTIONS = NO;
				ENABLE_STRICT_OBJC_MSGSEND = YES;
				GCC_C_LANGUAGE_STANDARD = gnu11;
				GCC_NO_COMMON_BLOCKS = YES;
				GCC_WARN_64_TO_32_BIT_CONVERSION = YES;
				GCC_WARN_ABOUT_RETURN_TYPE = YES_ERROR;
				GCC_WARN_UNDECLARED_SELECTOR = YES;
				GCC_WARN_UNINITIALIZED_AUTOS = YES_AGGRESSIVE;
				GCC_WARN_UNUSED_FUNCTION = YES;
				GCC_WARN_UNUSED_VARIABLE = YES;
				IPHONEOS_DEPLOYMENT_TARGET = 11.4;
				MTL_ENABLE_DEBUG_INFO = NO;
				SDKROOT = iphoneos;
				SWIFT_COMPILATION_MODE = wholemodule;
				SWIFT_OPTIMIZATION_LEVEL = "-O";
				VALIDATE_PRODUCT = YES;
			};
			name = Release;
		};
		EB7E7B0420D1CC2F00C4C56F /* Debug */ = {
			isa = XCBuildConfiguration;
			buildSettings = {
				ASSETCATALOG_COMPILER_APPICON_NAME = AppIcon;
				CODE_SIGN_STYLE = Automatic;
				INFOPLIST_FILE = MidtermApp/Info.plist;
				LD_RUNPATH_SEARCH_PATHS = (
					"$(inherited)",
					"@executable_path/Frameworks",
				);
				PRODUCT_BUNDLE_IDENTIFIER = omaiga.MidtermApp;
				PRODUCT_NAME = "$(TARGET_NAME)";
				SWIFT_VERSION = 4.0;
				TARGETED_DEVICE_FAMILY = "1,2";
			};
			name = Debug;
		};
		EB7E7B0520D1CC2F00C4C56F /* Release */ = {
			isa = XCBuildConfiguration;
			buildSettings = {
				ASSETCATALOG_COMPILER_APPICON_NAME = AppIcon;
				CODE_SIGN_STYLE = Automatic;
				INFOPLIST_FILE = MidtermApp/Info.plist;
				LD_RUNPATH_SEARCH_PATHS = (
					"$(inherited)",
					"@executable_path/Frameworks",
				);
				PRODUCT_BUNDLE_IDENTIFIER = omaiga.MidtermApp;
				PRODUCT_NAME = "$(TARGET_NAME)";
				SWIFT_VERSION = 4.0;
				TARGETED_DEVICE_FAMILY = "1,2";
			};
			name = Release;
		};
/* End XCBuildConfiguration section */

/* Begin XCConfigurationList section */
		EB7E7AE920D1CC2E00C4C56F /* Build configuration list for PBXProject "MidtermApp" */ = {
			isa = XCConfigurationList;
			buildConfigurations = (
				EB7E7B0120D1CC2F00C4C56F /* Debug */,
				EB7E7B0220D1CC2F00C4C56F /* Release */,
			);
			defaultConfigurationIsVisible = 0;
			defaultConfigurationName = Release;
		};
		EB7E7B0320D1CC2F00C4C56F /* Build configuration list for PBXNativeTarget "MidtermApp" */ = {
			isa = XCConfigurationList;
			buildConfigurations = (
				EB7E7B0420D1CC2F00C4C56F /* Debug */,
				EB7E7B0520D1CC2F00C4C56F /* Release */,
			);
			defaultConfigurationIsVisible = 0;
			defaultConfigurationName = Release;
		};
/* End XCConfigurationList section */

/* Begin XCVersionGroup section */
		EB7E7AF820D1CC2F00C4C56F /* MidtermApp.xcdatamodeld */ = {
			isa = XCVersionGroup;
			children = (
				EB7E7AF920D1CC2F00C4C56F /* MidtermApp.xcdatamodel */,
			);
			currentVersion = EB7E7AF920D1CC2F00C4C56F /* MidtermApp.xcdatamodel */;
			path = MidtermApp.xcdatamodeld;
			sourceTree = "<group>";
			versionGroupType = wrapper.xcdatamodel;
		};
/* End XCVersionGroup section */
	};
	rootObject = EB7E7AE620D1CC2E00C4C56F /* Project object */;
}
